// !$*UTF8*$!
{
	archiveVersion = 1;
	classes = {
	};
	objectVersion = 56;
	objects = {

/* Begin PBXBuildFile section */
		A2ADD7882B9A161D008AE12E /* TeaTimerRemakeV2App.swift in Sources */ = {isa = PBXBuildFile; fileRef = A2ADD7872B9A161D008AE12E /* TeaTimerRemakeV2App.swift */; };
		A2ADD78A2B9A161D008AE12E /* ContentView.swift in Sources */ = {isa = PBXBuildFile; fileRef = A2ADD7892B9A161D008AE12E /* ContentView.swift */; };
		A2ADD78C2B9A161D008AE12E /* Item.swift in Sources */ = {isa = PBXBuildFile; fileRef = A2ADD78B2B9A161D008AE12E /* Item.swift */; };
		A2ADD78E2B9A161E008AE12E /* Assets.xcassets in Resources */ = {isa = PBXBuildFile; fileRef = A2ADD78D2B9A161E008AE12E /* Assets.xcassets */; };
		A2ADD7912B9A161E008AE12E /* Preview Assets.xcassets in Resources */ = {isa = PBXBuildFile; fileRef = A2ADD7902B9A161E008AE12E /* Preview Assets.xcassets */; };
		A2ADD79A2B9A167F008AE12E /* ViewModel-Pattern.swift in Sources */ = {isa = PBXBuildFile; fileRef = A2ADD7992B9A167F008AE12E /* ViewModel-Pattern.swift */; };
		A2ADD79D2B9A1803008AE12E /* TeaSelectionView.swift in Sources */ = {isa = PBXBuildFile; fileRef = A2ADD79C2B9A1803008AE12E /* TeaSelectionView.swift */; };
		A2ADD7A02B9A1835008AE12E /* TeaSelectionView-ViewModel.swift in Sources */ = {isa = PBXBuildFile; fileRef = A2ADD79F2B9A1835008AE12E /* TeaSelectionView-ViewModel.swift */; };
		A2ADD7A22B9A1893008AE12E /* TeaSelectionView-ViewModelFeature.swift in Sources */ = {isa = PBXBuildFile; fileRef = A2ADD7A12B9A1893008AE12E /* TeaSelectionView-ViewModelFeature.swift */; };
		A2ADD7A52B9A1A82008AE12E /* State.swift in Sources */ = {isa = PBXBuildFile; fileRef = A2ADD7A42B9A1A82008AE12E /* State.swift */; };
		A2ADD7A72B9A1A9B008AE12E /* ViewInteraction.swift in Sources */ = {isa = PBXBuildFile; fileRef = A2ADD7A62B9A1A9B008AE12E /* ViewInteraction.swift */; };
		A2ADD7A92B9A1B67008AE12E /* TeaSelectionCardView.swift in Sources */ = {isa = PBXBuildFile; fileRef = A2ADD7A82B9A1B67008AE12E /* TeaSelectionCardView.swift */; };
		A2ADD7AD2B9A1F4C008AE12E /* TTButton.swift in Sources */ = {isa = PBXBuildFile; fileRef = A2ADD7AC2B9A1F4C008AE12E /* TTButton.swift */; };
		A2ADD7B02B9A3982008AE12E /* puerhTeaVideo.MOV in Resources */ = {isa = PBXBuildFile; fileRef = A2ADD7AF2B9A3982008AE12E /* puerhTeaVideo.MOV */; };
		A2ADD7B32B9A3A49008AE12E /* VideoPlayerView.swift in Sources */ = {isa = PBXBuildFile; fileRef = A2ADD7B22B9A3A49008AE12E /* VideoPlayerView.swift */; };
		A2ADD7B52B9A3A88008AE12E /* VideoPlayerUIView.swift in Sources */ = {isa = PBXBuildFile; fileRef = A2ADD7B42B9A3A88008AE12E /* VideoPlayerUIView.swift */; };
		A2ADD7B82B9B552B008AE12E /* TeaAboutView.swift in Sources */ = {isa = PBXBuildFile; fileRef = A2ADD7B72B9B552B008AE12E /* TeaAboutView.swift */; };
		A2ADD7BA2B9B554A008AE12E /* TeaInfoCardView.swift in Sources */ = {isa = PBXBuildFile; fileRef = A2ADD7B92B9B554A008AE12E /* TeaInfoCardView.swift */; };
		A2ADD7BD2B9E233E008AE12E /* TeaAboutViewModel.swift in Sources */ = {isa = PBXBuildFile; fileRef = A2ADD7BC2B9E233E008AE12E /* TeaAboutViewModel.swift */; };
		A2ADD7BF2B9E2389008AE12E /* TeaAboutViewModelFeature.swift in Sources */ = {isa = PBXBuildFile; fileRef = A2ADD7BE2B9E2389008AE12E /* TeaAboutViewModelFeature.swift */; };
		A2ADD7C22B9E2441008AE12E /* TeaInfo.swift in Sources */ = {isa = PBXBuildFile; fileRef = A2ADD7C12B9E2441008AE12E /* TeaInfo.swift */; };
		A2ADD7C42B9E26CA008AE12E /* Tea.swift in Sources */ = {isa = PBXBuildFile; fileRef = A2ADD7C32B9E26CA008AE12E /* Tea.swift */; };
		A2ADD7C62B9F7C04008AE12E /* Colors.swift in Sources */ = {isa = PBXBuildFile; fileRef = A2ADD7C52B9F7C04008AE12E /* Colors.swift */; };
		A2ADD7C92B9F87F8008AE12E /* TeaSelectionSplitView.swift in Sources */ = {isa = PBXBuildFile; fileRef = A2ADD7C82B9F87F8008AE12E /* TeaSelectionSplitView.swift */; };
		A2ADD7CB2B9F89AE008AE12E /* TeaSelectionVisionProViewModel.swift in Sources */ = {isa = PBXBuildFile; fileRef = A2ADD7CA2B9F89AE008AE12E /* TeaSelectionVisionProViewModel.swift */; };
		A2ADD7CE2B9F89E8008AE12E /* TeaSelectionVisionProFeature.swift in Sources */ = {isa = PBXBuildFile; fileRef = A2ADD7CD2B9F89E8008AE12E /* TeaSelectionVisionProFeature.swift */; };
/* End PBXBuildFile section */

/* Begin PBXFileReference section */
		A2ADD7842B9A161D008AE12E /* TeaTimerRemakeV2.app */ = {isa = PBXFileReference; explicitFileType = wrapper.application; includeInIndex = 0; path = TeaTimerRemakeV2.app; sourceTree = BUILT_PRODUCTS_DIR; };
		A2ADD7872B9A161D008AE12E /* TeaTimerRemakeV2App.swift */ = {isa = PBXFileReference; lastKnownFileType = sourcecode.swift; path = TeaTimerRemakeV2App.swift; sourceTree = "<group>"; };
		A2ADD7892B9A161D008AE12E /* ContentView.swift */ = {isa = PBXFileReference; lastKnownFileType = sourcecode.swift; path = ContentView.swift; sourceTree = "<group>"; };
		A2ADD78B2B9A161D008AE12E /* Item.swift */ = {isa = PBXFileReference; lastKnownFileType = sourcecode.swift; path = Item.swift; sourceTree = "<group>"; };
		A2ADD78D2B9A161E008AE12E /* Assets.xcassets */ = {isa = PBXFileReference; lastKnownFileType = folder.assetcatalog; path = Assets.xcassets; sourceTree = "<group>"; };
		A2ADD7902B9A161E008AE12E /* Preview Assets.xcassets */ = {isa = PBXFileReference; lastKnownFileType = folder.assetcatalog; path = "Preview Assets.xcassets"; sourceTree = "<group>"; };
		A2ADD7992B9A167F008AE12E /* ViewModel-Pattern.swift */ = {isa = PBXFileReference; lastKnownFileType = sourcecode.swift; path = "ViewModel-Pattern.swift"; sourceTree = "<group>"; };
		A2ADD79C2B9A1803008AE12E /* TeaSelectionView.swift */ = {isa = PBXFileReference; lastKnownFileType = sourcecode.swift; path = TeaSelectionView.swift; sourceTree = "<group>"; };
		A2ADD79F2B9A1835008AE12E /* TeaSelectionView-ViewModel.swift */ = {isa = PBXFileReference; lastKnownFileType = sourcecode.swift; path = "TeaSelectionView-ViewModel.swift"; sourceTree = "<group>"; };
		A2ADD7A12B9A1893008AE12E /* TeaSelectionView-ViewModelFeature.swift */ = {isa = PBXFileReference; lastKnownFileType = sourcecode.swift; path = "TeaSelectionView-ViewModelFeature.swift"; sourceTree = "<group>"; };
		A2ADD7A42B9A1A82008AE12E /* State.swift */ = {isa = PBXFileReference; lastKnownFileType = sourcecode.swift; path = State.swift; sourceTree = "<group>"; };
		A2ADD7A62B9A1A9B008AE12E /* ViewInteraction.swift */ = {isa = PBXFileReference; lastKnownFileType = sourcecode.swift; path = ViewInteraction.swift; sourceTree = "<group>"; };
		A2ADD7A82B9A1B67008AE12E /* TeaSelectionCardView.swift */ = {isa = PBXFileReference; lastKnownFileType = sourcecode.swift; path = TeaSelectionCardView.swift; sourceTree = "<group>"; };
		A2ADD7AC2B9A1F4C008AE12E /* TTButton.swift */ = {isa = PBXFileReference; lastKnownFileType = sourcecode.swift; path = TTButton.swift; sourceTree = "<group>"; };
		A2ADD7AF2B9A3982008AE12E /* puerhTeaVideo.MOV */ = {isa = PBXFileReference; lastKnownFileType = video.quicktime; path = puerhTeaVideo.MOV; sourceTree = "<group>"; };
		A2ADD7B22B9A3A49008AE12E /* VideoPlayerView.swift */ = {isa = PBXFileReference; lastKnownFileType = sourcecode.swift; path = VideoPlayerView.swift; sourceTree = "<group>"; };
		A2ADD7B42B9A3A88008AE12E /* VideoPlayerUIView.swift */ = {isa = PBXFileReference; lastKnownFileType = sourcecode.swift; path = VideoPlayerUIView.swift; sourceTree = "<group>"; };
		A2ADD7B72B9B552B008AE12E /* TeaAboutView.swift */ = {isa = PBXFileReference; lastKnownFileType = sourcecode.swift; path = TeaAboutView.swift; sourceTree = "<group>"; };
		A2ADD7B92B9B554A008AE12E /* TeaInfoCardView.swift */ = {isa = PBXFileReference; lastKnownFileType = sourcecode.swift; path = TeaInfoCardView.swift; sourceTree = "<group>"; };
		A2ADD7BC2B9E233E008AE12E /* TeaAboutViewModel.swift */ = {isa = PBXFileReference; lastKnownFileType = sourcecode.swift; path = TeaAboutViewModel.swift; sourceTree = "<group>"; };
		A2ADD7BE2B9E2389008AE12E /* TeaAboutViewModelFeature.swift */ = {isa = PBXFileReference; lastKnownFileType = sourcecode.swift; path = TeaAboutViewModelFeature.swift; sourceTree = "<group>"; };
		A2ADD7C12B9E2441008AE12E /* TeaInfo.swift */ = {isa = PBXFileReference; lastKnownFileType = sourcecode.swift; path = TeaInfo.swift; sourceTree = "<group>"; };
		A2ADD7C32B9E26CA008AE12E /* Tea.swift */ = {isa = PBXFileReference; lastKnownFileType = sourcecode.swift; path = Tea.swift; sourceTree = "<group>"; };
		A2ADD7C52B9F7C04008AE12E /* Colors.swift */ = {isa = PBXFileReference; lastKnownFileType = sourcecode.swift; path = Colors.swift; sourceTree = "<group>"; };
		A2ADD7C82B9F87F8008AE12E /* TeaSelectionSplitView.swift */ = {isa = PBXFileReference; lastKnownFileType = sourcecode.swift; path = TeaSelectionSplitView.swift; sourceTree = "<group>"; };
		A2ADD7CA2B9F89AE008AE12E /* TeaSelectionVisionProViewModel.swift */ = {isa = PBXFileReference; lastKnownFileType = sourcecode.swift; path = TeaSelectionVisionProViewModel.swift; sourceTree = "<group>"; };
		A2ADD7CD2B9F89E8008AE12E /* TeaSelectionVisionProFeature.swift */ = {isa = PBXFileReference; lastKnownFileType = sourcecode.swift; path = TeaSelectionVisionProFeature.swift; sourceTree = "<group>"; };
/* End PBXFileReference section */

/* Begin PBXFrameworksBuildPhase section */
		A2ADD7812B9A161D008AE12E /* Frameworks */ = {
			isa = PBXFrameworksBuildPhase;
			buildActionMask = 2147483647;
			files = (
			);
			runOnlyForDeploymentPostprocessing = 0;
		};
/* End PBXFrameworksBuildPhase section */

/* Begin PBXGroup section */
		A2ADD77B2B9A161D008AE12E = {
			isa = PBXGroup;
			children = (
				A2ADD7862B9A161D008AE12E /* TeaTimerRemakeV2 */,
				A2ADD7852B9A161D008AE12E /* Products */,
			);
			sourceTree = "<group>";
		};
		A2ADD7852B9A161D008AE12E /* Products */ = {
			isa = PBXGroup;
			children = (
				A2ADD7842B9A161D008AE12E /* TeaTimerRemakeV2.app */,
			);
			name = Products;
			sourceTree = "<group>";
		};
		A2ADD7862B9A161D008AE12E /* TeaTimerRemakeV2 */ = {
			isa = PBXGroup;
			children = (
				A2ADD7C72B9F878E008AE12E /* TeaSelectionView_VisionPro */,
				A2ADD7C02B9E2417008AE12E /* Entities */,
				A2ADD7B62B9B503A008AE12E /* TeaAboutView */,
				A2ADD7AE2B9A3977008AE12E /* Videos */,
				A2ADD7902B9A161E008AE12E /* Preview Assets.xcassets */,
				A2ADD79B2B9A17EE008AE12E /* TeaSelectionView */,
				A2ADD7972B9A1636008AE12E /* Helpers */,
				A2ADD7872B9A161D008AE12E /* TeaTimerRemakeV2App.swift */,
				A2ADD78D2B9A161E008AE12E /* Assets.xcassets */,
				A2ADD78F2B9A161E008AE12E /* Preview Content */,
			);
			path = TeaTimerRemakeV2;
			sourceTree = "<group>";
		};
		A2ADD78F2B9A161E008AE12E /* Preview Content */ = {
			isa = PBXGroup;
			children = (
			);
			path = "Preview Content";
			sourceTree = "<group>";
		};
		A2ADD7972B9A1636008AE12E /* Helpers */ = {
			isa = PBXGroup;
			children = (
				A2ADD7B12B9A3A37008AE12E /* Player */,
				A2ADD7982B9A1666008AE12E /* SwiftDataExample */,
				A2ADD7992B9A167F008AE12E /* ViewModel-Pattern.swift */,
				A2ADD7C52B9F7C04008AE12E /* Colors.swift */,
			);
			path = Helpers;
			sourceTree = "<group>";
		};
		A2ADD7982B9A1666008AE12E /* SwiftDataExample */ = {
			isa = PBXGroup;
			children = (
				A2ADD7892B9A161D008AE12E /* ContentView.swift */,
				A2ADD78B2B9A161D008AE12E /* Item.swift */,
			);
			path = SwiftDataExample;
			sourceTree = "<group>";
		};
		A2ADD79B2B9A17EE008AE12E /* TeaSelectionView */ = {
			isa = PBXGroup;
			children = (
				A2ADD7A82B9A1B67008AE12E /* TeaSelectionCardView.swift */,
				A2ADD7AA2B9A1F2F008AE12E /* UIKit */,
				A2ADD79E2B9A1825008AE12E /* ViewModel */,
				A2ADD79C2B9A1803008AE12E /* TeaSelectionView.swift */,
			);
			path = TeaSelectionView;
			sourceTree = "<group>";
		};
		A2ADD79E2B9A1825008AE12E /* ViewModel */ = {
			isa = PBXGroup;
			children = (
				A2ADD7A32B9A1A73008AE12E /* Feature */,
				A2ADD79F2B9A1835008AE12E /* TeaSelectionView-ViewModel.swift */,
			);
			path = ViewModel;
			sourceTree = "<group>";
		};
		A2ADD7A32B9A1A73008AE12E /* Feature */ = {
			isa = PBXGroup;
			children = (
				A2ADD7A12B9A1893008AE12E /* TeaSelectionView-ViewModelFeature.swift */,
				A2ADD7A42B9A1A82008AE12E /* State.swift */,
				A2ADD7A62B9A1A9B008AE12E /* ViewInteraction.swift */,
			);
			path = Feature;
			sourceTree = "<group>";
		};
		A2ADD7AA2B9A1F2F008AE12E /* UIKit */ = {
			isa = PBXGroup;
			children = (
				A2ADD7AB2B9A1F3B008AE12E /* Buttons */,
			);
			path = UIKit;
			sourceTree = "<group>";
		};
		A2ADD7AB2B9A1F3B008AE12E /* Buttons */ = {
			isa = PBXGroup;
			children = (
				A2ADD7AC2B9A1F4C008AE12E /* TTButton.swift */,
			);
			path = Buttons;
			sourceTree = "<group>";
		};
		A2ADD7AE2B9A3977008AE12E /* Videos */ = {
			isa = PBXGroup;
			children = (
				A2ADD7AF2B9A3982008AE12E /* puerhTeaVideo.MOV */,
			);
			path = Videos;
			sourceTree = "<group>";
		};
		A2ADD7B12B9A3A37008AE12E /* Player */ = {
			isa = PBXGroup;
			children = (
				A2ADD7B22B9A3A49008AE12E /* VideoPlayerView.swift */,
				A2ADD7B42B9A3A88008AE12E /* VideoPlayerUIView.swift */,
			);
			path = Player;
			sourceTree = "<group>";
		};
		A2ADD7B62B9B503A008AE12E /* TeaAboutView */ = {
			isa = PBXGroup;
			children = (
				A2ADD7BB2B9E2317008AE12E /* ViewModel */,
				A2ADD7B72B9B552B008AE12E /* TeaAboutView.swift */,
				A2ADD7B92B9B554A008AE12E /* TeaInfoCardView.swift */,
			);
			path = TeaAboutView;
			sourceTree = "<group>";
		};
		A2ADD7BB2B9E2317008AE12E /* ViewModel */ = {
			isa = PBXGroup;
			children = (
				A2ADD7BC2B9E233E008AE12E /* TeaAboutViewModel.swift */,
				A2ADD7BE2B9E2389008AE12E /* TeaAboutViewModelFeature.swift */,
			);
			path = ViewModel;
			sourceTree = "<group>";
		};
		A2ADD7C02B9E2417008AE12E /* Entities */ = {
			isa = PBXGroup;
			children = (
				A2ADD7C12B9E2441008AE12E /* TeaInfo.swift */,
				A2ADD7C32B9E26CA008AE12E /* Tea.swift */,
			);
			path = Entities;
			sourceTree = "<group>";
		};
		A2ADD7C72B9F878E008AE12E /* TeaSelectionView_VisionPro */ = {
			isa = PBXGroup;
			children = (
				A2ADD7CC2B9F89C4008AE12E /* ViewModel */,
				A2ADD7C82B9F87F8008AE12E /* TeaSelectionSplitView.swift */,
			);
			path = TeaSelectionView_VisionPro;
			sourceTree = "<group>";
		};
		A2ADD7CC2B9F89C4008AE12E /* ViewModel */ = {
			isa = PBXGroup;
			children = (
				A2ADD7CA2B9F89AE008AE12E /* TeaSelectionVisionProViewModel.swift */,
				A2ADD7CD2B9F89E8008AE12E /* TeaSelectionVisionProFeature.swift */,
			);
			path = ViewModel;
			sourceTree = "<group>";
		};
/* End PBXGroup section */

/* Begin PBXNativeTarget section */
		A2ADD7832B9A161D008AE12E /* TeaTimerRemakeV2 */ = {
			isa = PBXNativeTarget;
			buildConfigurationList = A2ADD7942B9A161E008AE12E /* Build configuration list for PBXNativeTarget "TeaTimerRemakeV2" */;
			buildPhases = (
				A2ADD7802B9A161D008AE12E /* Sources */,
				A2ADD7812B9A161D008AE12E /* Frameworks */,
				A2ADD7822B9A161D008AE12E /* Resources */,
			);
			buildRules = (
			);
			dependencies = (
			);
			name = TeaTimerRemakeV2;
			productName = TeaTimerRemakeV2;
			productReference = A2ADD7842B9A161D008AE12E /* TeaTimerRemakeV2.app */;
			productType = "com.apple.product-type.application";
		};
/* End PBXNativeTarget section */

/* Begin PBXProject section */
		A2ADD77C2B9A161D008AE12E /* Project object */ = {
			isa = PBXProject;
			attributes = {
				BuildIndependentTargetsInParallel = 1;
				LastSwiftUpdateCheck = 1520;
				LastUpgradeCheck = 1520;
				TargetAttributes = {
					A2ADD7832B9A161D008AE12E = {
						CreatedOnToolsVersion = 15.2;
					};
				};
			};
			buildConfigurationList = A2ADD77F2B9A161D008AE12E /* Build configuration list for PBXProject "TeaTimerRemakeV2" */;
			compatibilityVersion = "Xcode 14.0";
			developmentRegion = en;
			hasScannedForEncodings = 0;
			knownRegions = (
				en,
				Base,
			);
			mainGroup = A2ADD77B2B9A161D008AE12E;
			productRefGroup = A2ADD7852B9A161D008AE12E /* Products */;
			projectDirPath = "";
			projectRoot = "";
			targets = (
				A2ADD7832B9A161D008AE12E /* TeaTimerRemakeV2 */,
			);
		};
/* End PBXProject section */

/* Begin PBXResourcesBuildPhase section */
		A2ADD7822B9A161D008AE12E /* Resources */ = {
			isa = PBXResourcesBuildPhase;
			buildActionMask = 2147483647;
			files = (
				A2ADD7912B9A161E008AE12E /* Preview Assets.xcassets in Resources */,
				A2ADD7B02B9A3982008AE12E /* puerhTeaVideo.MOV in Resources */,
				A2ADD78E2B9A161E008AE12E /* Assets.xcassets in Resources */,
			);
			runOnlyForDeploymentPostprocessing = 0;
		};
/* End PBXResourcesBuildPhase section */

/* Begin PBXSourcesBuildPhase section */
		A2ADD7802B9A161D008AE12E /* Sources */ = {
			isa = PBXSourcesBuildPhase;
			buildActionMask = 2147483647;
			files = (
				A2ADD7C22B9E2441008AE12E /* TeaInfo.swift in Sources */,
				A2ADD7C62B9F7C04008AE12E /* Colors.swift in Sources */,
				A2ADD7C92B9F87F8008AE12E /* TeaSelectionSplitView.swift in Sources */,
				A2ADD7A72B9A1A9B008AE12E /* ViewInteraction.swift in Sources */,
				A2ADD7A02B9A1835008AE12E /* TeaSelectionView-ViewModel.swift in Sources */,
				A2ADD7B52B9A3A88008AE12E /* VideoPlayerUIView.swift in Sources */,
				A2ADD7CB2B9F89AE008AE12E /* TeaSelectionVisionProViewModel.swift in Sources */,
				A2ADD7BD2B9E233E008AE12E /* TeaAboutViewModel.swift in Sources */,
				A2ADD78A2B9A161D008AE12E /* ContentView.swift in Sources */,
				A2ADD79D2B9A1803008AE12E /* TeaSelectionView.swift in Sources */,
				A2ADD7CE2B9F89E8008AE12E /* TeaSelectionVisionProFeature.swift in Sources */,
				A2ADD7B82B9B552B008AE12E /* TeaAboutView.swift in Sources */,
				A2ADD7A22B9A1893008AE12E /* TeaSelectionView-ViewModelFeature.swift in Sources */,
				A2ADD78C2B9A161D008AE12E /* Item.swift in Sources */,
				A2ADD7BA2B9B554A008AE12E /* TeaInfoCardView.swift in Sources */,
				A2ADD7C42B9E26CA008AE12E /* Tea.swift in Sources */,
				A2ADD7882B9A161D008AE12E /* TeaTimerRemakeV2App.swift in Sources */,
				A2ADD7AD2B9A1F4C008AE12E /* TTButton.swift in Sources */,
				A2ADD79A2B9A167F008AE12E /* ViewModel-Pattern.swift in Sources */,
				A2ADD7A92B9A1B67008AE12E /* TeaSelectionCardView.swift in Sources */,
				A2ADD7A52B9A1A82008AE12E /* State.swift in Sources */,
				A2ADD7BF2B9E2389008AE12E /* TeaAboutViewModelFeature.swift in Sources */,
				A2ADD7B32B9A3A49008AE12E /* VideoPlayerView.swift in Sources */,
			);
			runOnlyForDeploymentPostprocessing = 0;
		};
/* End PBXSourcesBuildPhase section */

/* Begin XCBuildConfiguration section */
		A2ADD7922B9A161E008AE12E /* Debug */ = {
			isa = XCBuildConfiguration;
			buildSettings = {
				ALWAYS_SEARCH_USER_PATHS = NO;
				ASSETCATALOG_COMPILER_GENERATE_SWIFT_ASSET_SYMBOL_EXTENSIONS = YES;
				CLANG_ANALYZER_NONNULL = YES;
				CLANG_ANALYZER_NUMBER_OBJECT_CONVERSION = YES_AGGRESSIVE;
				CLANG_CXX_LANGUAGE_STANDARD = "gnu++20";
				CLANG_ENABLE_MODULES = YES;
				CLANG_ENABLE_OBJC_ARC = YES;
				CLANG_ENABLE_OBJC_WEAK = YES;
				CLANG_WARN_BLOCK_CAPTURE_AUTORELEASING = YES;
				CLANG_WARN_BOOL_CONVERSION = YES;
				CLANG_WARN_COMMA = YES;
				CLANG_WARN_CONSTANT_CONVERSION = YES;
				CLANG_WARN_DEPRECATED_OBJC_IMPLEMENTATIONS = YES;
				CLANG_WARN_DIRECT_OBJC_ISA_USAGE = YES_ERROR;
				CLANG_WARN_DOCUMENTATION_COMMENTS = YES;
				CLANG_WARN_EMPTY_BODY = YES;
				CLANG_WARN_ENUM_CONVERSION = YES;
				CLANG_WARN_INFINITE_RECURSION = YES;
				CLANG_WARN_INT_CONVERSION = YES;
				CLANG_WARN_NON_LITERAL_NULL_CONVERSION = YES;
				CLANG_WARN_OBJC_IMPLICIT_RETAIN_SELF = YES;
				CLANG_WARN_OBJC_LITERAL_CONVERSION = YES;
				CLANG_WARN_OBJC_ROOT_CLASS = YES_ERROR;
				CLANG_WARN_QUOTED_INCLUDE_IN_FRAMEWORK_HEADER = YES;
				CLANG_WARN_RANGE_LOOP_ANALYSIS = YES;
				CLANG_WARN_STRICT_PROTOTYPES = YES;
				CLANG_WARN_SUSPICIOUS_MOVE = YES;
				CLANG_WARN_UNGUARDED_AVAILABILITY = YES_AGGRESSIVE;
				CLANG_WARN_UNREACHABLE_CODE = YES;
				CLANG_WARN__DUPLICATE_METHOD_MATCH = YES;
				COPY_PHASE_STRIP = NO;
				DEBUG_INFORMATION_FORMAT = dwarf;
				ENABLE_STRICT_OBJC_MSGSEND = YES;
				ENABLE_TESTABILITY = YES;
				ENABLE_USER_SCRIPT_SANDBOXING = YES;
				GCC_C_LANGUAGE_STANDARD = gnu17;
				GCC_DYNAMIC_NO_PIC = NO;
				GCC_NO_COMMON_BLOCKS = YES;
				GCC_OPTIMIZATION_LEVEL = 0;
				GCC_PREPROCESSOR_DEFINITIONS = (
					"DEBUG=1",
					"$(inherited)",
				);
				GCC_WARN_64_TO_32_BIT_CONVERSION = YES;
				GCC_WARN_ABOUT_RETURN_TYPE = YES_ERROR;
				GCC_WARN_UNDECLARED_SELECTOR = YES;
				GCC_WARN_UNINITIALIZED_AUTOS = YES_AGGRESSIVE;
				GCC_WARN_UNUSED_FUNCTION = YES;
				GCC_WARN_UNUSED_VARIABLE = YES;
				IPHONEOS_DEPLOYMENT_TARGET = 17.2;
				LOCALIZATION_PREFERS_STRING_CATALOGS = YES;
				MTL_ENABLE_DEBUG_INFO = INCLUDE_SOURCE;
				MTL_FAST_MATH = YES;
				ONLY_ACTIVE_ARCH = YES;
				SDKROOT = iphoneos;
				SWIFT_ACTIVE_COMPILATION_CONDITIONS = "DEBUG $(inherited)";
				SWIFT_OPTIMIZATION_LEVEL = "-Onone";
			};
			name = Debug;
		};
		A2ADD7932B9A161E008AE12E /* Release */ = {
			isa = XCBuildConfiguration;
			buildSettings = {
				ALWAYS_SEARCH_USER_PATHS = NO;
				ASSETCATALOG_COMPILER_GENERATE_SWIFT_ASSET_SYMBOL_EXTENSIONS = YES;
				CLANG_ANALYZER_NONNULL = YES;
				CLANG_ANALYZER_NUMBER_OBJECT_CONVERSION = YES_AGGRESSIVE;
				CLANG_CXX_LANGUAGE_STANDARD = "gnu++20";
				CLANG_ENABLE_MODULES = YES;
				CLANG_ENABLE_OBJC_ARC = YES;
				CLANG_ENABLE_OBJC_WEAK = YES;
				CLANG_WARN_BLOCK_CAPTURE_AUTORELEASING = YES;
				CLANG_WARN_BOOL_CONVERSION = YES;
				CLANG_WARN_COMMA = YES;
				CLANG_WARN_CONSTANT_CONVERSION = YES;
				CLANG_WARN_DEPRECATED_OBJC_IMPLEMENTATIONS = YES;
				CLANG_WARN_DIRECT_OBJC_ISA_USAGE = YES_ERROR;
				CLANG_WARN_DOCUMENTATION_COMMENTS = YES;
				CLANG_WARN_EMPTY_BODY = YES;
				CLANG_WARN_ENUM_CONVERSION = YES;
				CLANG_WARN_INFINITE_RECURSION = YES;
				CLANG_WARN_INT_CONVERSION = YES;
				CLANG_WARN_NON_LITERAL_NULL_CONVERSION = YES;
				CLANG_WARN_OBJC_IMPLICIT_RETAIN_SELF = YES;
				CLANG_WARN_OBJC_LITERAL_CONVERSION = YES;
				CLANG_WARN_OBJC_ROOT_CLASS = YES_ERROR;
				CLANG_WARN_QUOTED_INCLUDE_IN_FRAMEWORK_HEADER = YES;
				CLANG_WARN_RANGE_LOOP_ANALYSIS = YES;
				CLANG_WARN_STRICT_PROTOTYPES = YES;
				CLANG_WARN_SUSPICIOUS_MOVE = YES;
				CLANG_WARN_UNGUARDED_AVAILABILITY = YES_AGGRESSIVE;
				CLANG_WARN_UNREACHABLE_CODE = YES;
				CLANG_WARN__DUPLICATE_METHOD_MATCH = YES;
				COPY_PHASE_STRIP = NO;
				DEBUG_INFORMATION_FORMAT = "dwarf-with-dsym";
				ENABLE_NS_ASSERTIONS = NO;
				ENABLE_STRICT_OBJC_MSGSEND = YES;
				ENABLE_USER_SCRIPT_SANDBOXING = YES;
				GCC_C_LANGUAGE_STANDARD = gnu17;
				GCC_NO_COMMON_BLOCKS = YES;
				GCC_WARN_64_TO_32_BIT_CONVERSION = YES;
				GCC_WARN_ABOUT_RETURN_TYPE = YES_ERROR;
				GCC_WARN_UNDECLARED_SELECTOR = YES;
				GCC_WARN_UNINITIALIZED_AUTOS = YES_AGGRESSIVE;
				GCC_WARN_UNUSED_FUNCTION = YES;
				GCC_WARN_UNUSED_VARIABLE = YES;
				IPHONEOS_DEPLOYMENT_TARGET = 17.2;
				LOCALIZATION_PREFERS_STRING_CATALOGS = YES;
				MTL_ENABLE_DEBUG_INFO = NO;
				MTL_FAST_MATH = YES;
				SDKROOT = iphoneos;
				SWIFT_COMPILATION_MODE = wholemodule;
				VALIDATE_PRODUCT = YES;
			};
			name = Release;
		};
		A2ADD7952B9A161E008AE12E /* Debug */ = {
			isa = XCBuildConfiguration;
			buildSettings = {
				ASSETCATALOG_COMPILER_APPICON_NAME = AppIcon;
				ASSETCATALOG_COMPILER_GLOBAL_ACCENT_COLOR_NAME = AccentColor;
				CODE_SIGN_STYLE = Automatic;
				CURRENT_PROJECT_VERSION = 1;
				DEVELOPMENT_ASSET_PATHS = "\"TeaTimerRemakeV2/Preview Content\"";
				DEVELOPMENT_TEAM = 4CV999C7WN;
				ENABLE_PREVIEWS = YES;
				GENERATE_INFOPLIST_FILE = YES;
				INFOPLIST_KEY_UIApplicationSceneManifest_Generation = YES;
				INFOPLIST_KEY_UIApplicationSupportsIndirectInputEvents = YES;
				INFOPLIST_KEY_UILaunchScreen_Generation = YES;
				INFOPLIST_KEY_UISupportedInterfaceOrientations_iPad = "UIInterfaceOrientationPortrait UIInterfaceOrientationPortraitUpsideDown UIInterfaceOrientationLandscapeLeft UIInterfaceOrientationLandscapeRight";
				INFOPLIST_KEY_UISupportedInterfaceOrientations_iPhone = "UIInterfaceOrientationPortrait UIInterfaceOrientationLandscapeLeft UIInterfaceOrientationLandscapeRight";
				LD_RUNPATH_SEARCH_PATHS = (
					"$(inherited)",
					"@executable_path/Frameworks",
				);
				MARKETING_VERSION = 1.0;
				PRODUCT_BUNDLE_IDENTIFIER = IK.Shefer.TeaTimerRemakeV2;
				PRODUCT_NAME = "$(TARGET_NAME)";
				SUPPORTED_PLATFORMS = "iphoneos iphonesimulator xros xrsimulator";
				SUPPORTS_MACCATALYST = NO;
				SUPPORTS_XR_DESIGNED_FOR_IPHONE_IPAD = NO;
				SWIFT_EMIT_LOC_STRINGS = YES;
				SWIFT_VERSION = 5.0;
				TARGETED_DEVICE_FAMILY = "1,2,7";
			};
			name = Debug;
		};
		A2ADD7962B9A161E008AE12E /* Release */ = {
			isa = XCBuildConfiguration;
			buildSettings = {
				ASSETCATALOG_COMPILER_APPICON_NAME = AppIcon;
				ASSETCATALOG_COMPILER_GLOBAL_ACCENT_COLOR_NAME = AccentColor;
				CODE_SIGN_STYLE = Automatic;
				CURRENT_PROJECT_VERSION = 1;
				DEVELOPMENT_ASSET_PATHS = "\"TeaTimerRemakeV2/Preview Content\"";
				DEVELOPMENT_TEAM = 4CV999C7WN;
				ENABLE_PREVIEWS = YES;
				GENERATE_INFOPLIST_FILE = YES;
				INFOPLIST_KEY_UIApplicationSceneManifest_Generation = YES;
				INFOPLIST_KEY_UIApplicationSupportsIndirectInputEvents = YES;
				INFOPLIST_KEY_UILaunchScreen_Generation = YES;
				INFOPLIST_KEY_UISupportedInterfaceOrientations_iPad = "UIInterfaceOrientationPortrait UIInterfaceOrientationPortraitUpsideDown UIInterfaceOrientationLandscapeLeft UIInterfaceOrientationLandscapeRight";
				INFOPLIST_KEY_UISupportedInterfaceOrientations_iPhone = "UIInterfaceOrientationPortrait UIInterfaceOrientationLandscapeLeft UIInterfaceOrientationLandscapeRight";
				LD_RUNPATH_SEARCH_PATHS = (
					"$(inherited)",
					"@executable_path/Frameworks",
				);
				MARKETING_VERSION = 1.0;
				PRODUCT_BUNDLE_IDENTIFIER = IK.Shefer.TeaTimerRemakeV2;
				PRODUCT_NAME = "$(TARGET_NAME)";
				SUPPORTED_PLATFORMS = "iphoneos iphonesimulator xros xrsimulator";
				SUPPORTS_MACCATALYST = NO;
				SUPPORTS_XR_DESIGNED_FOR_IPHONE_IPAD = NO;
				SWIFT_EMIT_LOC_STRINGS = YES;
				SWIFT_VERSION = 5.0;
				TARGETED_DEVICE_FAMILY = "1,2,7";
			};
			name = Release;
		};
/* End XCBuildConfiguration section */

/* Begin XCConfigurationList section */
		A2ADD77F2B9A161D008AE12E /* Build configuration list for PBXProject "TeaTimerRemakeV2" */ = {
			isa = XCConfigurationList;
			buildConfigurations = (
				A2ADD7922B9A161E008AE12E /* Debug */,
				A2ADD7932B9A161E008AE12E /* Release */,
			);
			defaultConfigurationIsVisible = 0;
			defaultConfigurationName = Release;
		};
		A2ADD7942B9A161E008AE12E /* Build configuration list for PBXNativeTarget "TeaTimerRemakeV2" */ = {
			isa = XCConfigurationList;
			buildConfigurations = (
				A2ADD7952B9A161E008AE12E /* Debug */,
				A2ADD7962B9A161E008AE12E /* Release */,
			);
			defaultConfigurationIsVisible = 0;
			defaultConfigurationName = Release;
		};
/* End XCConfigurationList section */
	};
	rootObject = A2ADD77C2B9A161D008AE12E /* Project object */;
}
